
Microsoft Visual Studio Solution File, Format Version 12.00
# Visual Studio 15
VisualStudioVersion = 15.0.28010.2041
MinimumVisualStudioVersion = 10.0.40219.1
Project("{FAE04EC0-301F-11D3-BF4B-00C04F79EFBC}") = "ProjectSW", "ProjectSW\ProjectSW.csproj", "{AE650BB1-658A-4EB4-A4EC-2943C9BA799B}"
EndProject
Global
	GlobalSection(SolutionConfigurationPlatforms) = preSolution
		Debug|Any CPU = Debug|Any CPU
		Release|Any CPU = Release|Any CPU
	EndGlobalSection
	GlobalSection(ProjectConfigurationPlatforms) = postSolution
		{AE650BB1-658A-4EB4-A4EC-2943C9BA799B}.Debug|Any CPU.ActiveCfg = Debug|Any CPU
		{AE650BB1-658A-4EB4-A4EC-2943C9BA799B}.Debug|Any CPU.Build.0 = Debug|Any CPU
		{AE650BB1-658A-4EB4-A4EC-2943C9BA799B}.Release|Any CPU.ActiveCfg = Release|Any CPU
		{AE650BB1-658A-4EB4-A4EC-2943C9BA799B}.Release|Any CPU.Build.0 = Release|Any CPU
	EndGlobalSection
	GlobalSection(SolutionProperties) = preSolution
		HideSolutionNode = FALSE
	EndGlobalSection
	GlobalSection(ExtensibilityGlobals) = postSolution
		SolutionGuid = {1210BDE0-5DCF-415E-B86E-842425F69EAD}
	EndGlobalSection
EndGlobal
